
Microsoft Visual Studio Solution File, Format Version 12.00
# Visual Studio Version 17
VisualStudioVersion = 17.0.32014.148
MinimumVisualStudioVersion = 10.0.40219.1
Project("{FAE04EC0-301F-11D3-BF4B-00C04F79EFBC}") = "SortNumbers", "SortNumbers\SortNumbers.csproj", "{5F581DBD-1CC5-4090-93EE-802E6B2ED91E}"
EndProject
Global
	GlobalSection(SolutionConfigurationPlatforms) = preSolution
		Debug|Any CPU = Debug|Any CPU
		Release|Any CPU = Release|Any CPU
	EndGlobalSection
	GlobalSection(ProjectConfigurationPlatforms) = postSolution
		{5F581DBD-1CC5-4090-93EE-802E6B2ED91E}.Debug|Any CPU.ActiveCfg = Debug|Any CPU
		{5F581DBD-1CC5-4090-93EE-802E6B2ED91E}.Debug|Any CPU.Build.0 = Debug|Any CPU
		{5F581DBD-1CC5-4090-93EE-802E6B2ED91E}.Release|Any CPU.ActiveCfg = Release|Any CPU
		{5F581DBD-1CC5-4090-93EE-802E6B2ED91E}.Release|Any CPU.Build.0 = Release|Any CPU
	EndGlobalSection
	GlobalSection(SolutionProperties) = preSolution
		HideSolutionNode = FALSE
	EndGlobalSection
	GlobalSection(ExtensibilityGlobals) = postSolution
		SolutionGuid = {E980F26B-8CA4-4C36-82FE-3F8D17570005}
	EndGlobalSection
EndGlobal
